// !$*UTF8*$!
{
	archiveVersion = 1;
	classes = {
	};
	objectVersion = 50;
	objects = {

/* Begin PBXBuildFile section */
		46B959C724A8B2F20038C1E5 /* Int-TimeFormatting.swift in Sources */ = {isa = PBXBuildFile; fileRef = 46B959C624A8B2F20038C1E5 /* Int-TimeFormatting.swift */; };
		46D556B824A789BC0059354F /* AppDelegate.swift in Sources */ = {isa = PBXBuildFile; fileRef = 46D556B724A789BC0059354F /* AppDelegate.swift */; };
		46D556BC24A789BC0059354F /* ViewController.swift in Sources */ = {isa = PBXBuildFile; fileRef = 46D556BB24A789BC0059354F /* ViewController.swift */; };
		46D556BF24A789BC0059354F /* Main.storyboard in Resources */ = {isa = PBXBuildFile; fileRef = 46D556BD24A789BC0059354F /* Main.storyboard */; };
		46D556C124A789BF0059354F /* Assets.xcassets in Resources */ = {isa = PBXBuildFile; fileRef = 46D556C024A789BF0059354F /* Assets.xcassets */; };
		46D556C424A789BF0059354F /* LaunchScreen.storyboard in Resources */ = {isa = PBXBuildFile; fileRef = 46D556C224A789BF0059354F /* LaunchScreen.storyboard */; };
		46D556CF24A789BF0059354F /* FriendZoneTests.swift in Sources */ = {isa = PBXBuildFile; fileRef = 46D556CE24A789BF0059354F /* FriendZoneTests.swift */; };
		46D556DA24A78A7D0059354F /* Friend.swift in Sources */ = {isa = PBXBuildFile; fileRef = 46D556D924A78A7D0059354F /* Friend.swift */; };
		46D556DC24A78E450059354F /* FriendViewController.swift in Sources */ = {isa = PBXBuildFile; fileRef = 46D556DB24A78E450059354F /* FriendViewController.swift */; };
		46D556DE24A78FC30059354F /* TextTableViewCell.swift in Sources */ = {isa = PBXBuildFile; fileRef = 46D556DD24A78FC30059354F /* TextTableViewCell.swift */; };
		46D5FB2624B0BF0C003A41D6 /* Coordinator.swift in Sources */ = {isa = PBXBuildFile; fileRef = 46D5FB2524B0BF0C003A41D6 /* Coordinator.swift */; };
		46D5FB2824B0BF5A003A41D6 /* MainCoordinator.swift in Sources */ = {isa = PBXBuildFile; fileRef = 46D5FB2724B0BF5A003A41D6 /* MainCoordinator.swift */; };
		46D5FB2A24B0BFDD003A41D6 /* Storyboarded.swift in Sources */ = {isa = PBXBuildFile; fileRef = 46D5FB2924B0BFDD003A41D6 /* Storyboarded.swift */; };
		46D5FB2C24B0C66E003A41D6 /* SceneDelegate.swift in Sources */ = {isa = PBXBuildFile; fileRef = 46D5FB2B24B0C66E003A41D6 /* SceneDelegate.swift */; };
/* End PBXBuildFile section */

/* Begin PBXContainerItemProxy section */
		46D556CB24A789BF0059354F /* PBXContainerItemProxy */ = {
			isa = PBXContainerItemProxy;
			containerPortal = 46D556AC24A789BC0059354F /* Project object */;
			proxyType = 1;
			remoteGlobalIDString = 46D556B324A789BC0059354F;
			remoteInfo = FriendZone;
		};
/* End PBXContainerItemProxy section */

/* Begin PBXFileReference section */
		46B959C624A8B2F20038C1E5 /* Int-TimeFormatting.swift */ = {isa = PBXFileReference; lastKnownFileType = sourcecode.swift; path = "Int-TimeFormatting.swift"; sourceTree = "<group>"; };
		46D556B424A789BC0059354F /* FriendZone.app */ = {isa = PBXFileReference; explicitFileType = wrapper.application; includeInIndex = 0; path = FriendZone.app; sourceTree = BUILT_PRODUCTS_DIR; };
		46D556B724A789BC0059354F /* AppDelegate.swift */ = {isa = PBXFileReference; lastKnownFileType = sourcecode.swift; path = AppDelegate.swift; sourceTree = "<group>"; };
		46D556BB24A789BC0059354F /* ViewController.swift */ = {isa = PBXFileReference; lastKnownFileType = sourcecode.swift; path = ViewController.swift; sourceTree = "<group>"; };
		46D556BE24A789BC0059354F /* Base */ = {isa = PBXFileReference; lastKnownFileType = file.storyboard; name = Base; path = Base.lproj/Main.storyboard; sourceTree = "<group>"; };
		46D556C024A789BF0059354F /* Assets.xcassets */ = {isa = PBXFileReference; lastKnownFileType = folder.assetcatalog; path = Assets.xcassets; sourceTree = "<group>"; };
		46D556C324A789BF0059354F /* Base */ = {isa = PBXFileReference; lastKnownFileType = file.storyboard; name = Base; path = Base.lproj/LaunchScreen.storyboard; sourceTree = "<group>"; };
		46D556C524A789BF0059354F /* Info.plist */ = {isa = PBXFileReference; lastKnownFileType = text.plist.xml; path = Info.plist; sourceTree = "<group>"; };
		46D556CA24A789BF0059354F /* FriendZoneTests.xctest */ = {isa = PBXFileReference; explicitFileType = wrapper.cfbundle; includeInIndex = 0; path = FriendZoneTests.xctest; sourceTree = BUILT_PRODUCTS_DIR; };
		46D556CE24A789BF0059354F /* FriendZoneTests.swift */ = {isa = PBXFileReference; lastKnownFileType = sourcecode.swift; path = FriendZoneTests.swift; sourceTree = "<group>"; };
		46D556D024A789BF0059354F /* Info.plist */ = {isa = PBXFileReference; lastKnownFileType = text.plist.xml; path = Info.plist; sourceTree = "<group>"; };
		46D556D924A78A7D0059354F /* Friend.swift */ = {isa = PBXFileReference; lastKnownFileType = sourcecode.swift; path = Friend.swift; sourceTree = "<group>"; };
		46D556DB24A78E450059354F /* FriendViewController.swift */ = {isa = PBXFileReference; lastKnownFileType = sourcecode.swift; path = FriendViewController.swift; sourceTree = "<group>"; };
		46D556DD24A78FC30059354F /* TextTableViewCell.swift */ = {isa = PBXFileReference; lastKnownFileType = sourcecode.swift; path = TextTableViewCell.swift; sourceTree = "<group>"; };
		46D5FB2524B0BF0C003A41D6 /* Coordinator.swift */ = {isa = PBXFileReference; lastKnownFileType = sourcecode.swift; path = Coordinator.swift; sourceTree = "<group>"; };
		46D5FB2724B0BF5A003A41D6 /* MainCoordinator.swift */ = {isa = PBXFileReference; lastKnownFileType = sourcecode.swift; path = MainCoordinator.swift; sourceTree = "<group>"; };
		46D5FB2924B0BFDD003A41D6 /* Storyboarded.swift */ = {isa = PBXFileReference; lastKnownFileType = sourcecode.swift; path = Storyboarded.swift; sourceTree = "<group>"; };
		46D5FB2B24B0C66E003A41D6 /* SceneDelegate.swift */ = {isa = PBXFileReference; fileEncoding = 4; lastKnownFileType = sourcecode.swift; path = SceneDelegate.swift; sourceTree = "<group>"; };
/* End PBXFileReference section */

/* Begin PBXFrameworksBuildPhase section */
		46D556B124A789BC0059354F /* Frameworks */ = {
			isa = PBXFrameworksBuildPhase;
			buildActionMask = 2147483647;
			files = (
			);
			runOnlyForDeploymentPostprocessing = 0;
		};
		46D556C724A789BF0059354F /* Frameworks */ = {
			isa = PBXFrameworksBuildPhase;
			buildActionMask = 2147483647;
			files = (
			);
			runOnlyForDeploymentPostprocessing = 0;
		};
/* End PBXFrameworksBuildPhase section */

/* Begin PBXGroup section */
		46D556AB24A789BC0059354F = {
			isa = PBXGroup;
			children = (
				46D556B624A789BC0059354F /* FriendZone */,
				46D556CD24A789BF0059354F /* FriendZoneTests */,
				46D556B524A789BC0059354F /* Products */,
			);
			sourceTree = "<group>";
		};
		46D556B524A789BC0059354F /* Products */ = {
			isa = PBXGroup;
			children = (
				46D556B424A789BC0059354F /* FriendZone.app */,
				46D556CA24A789BF0059354F /* FriendZoneTests.xctest */,
			);
			name = Products;
			sourceTree = "<group>";
		};
		46D556B624A789BC0059354F /* FriendZone */ = {
			isa = PBXGroup;
			children = (
				46D556B724A789BC0059354F /* AppDelegate.swift */,
				46D5FB2B24B0C66E003A41D6 /* SceneDelegate.swift */,
				46D556BB24A789BC0059354F /* ViewController.swift */,
				46D5FB2524B0BF0C003A41D6 /* Coordinator.swift */,
				46D5FB2724B0BF5A003A41D6 /* MainCoordinator.swift */,
				46D5FB2924B0BFDD003A41D6 /* Storyboarded.swift */,
				46D556DB24A78E450059354F /* FriendViewController.swift */,
				46B959C624A8B2F20038C1E5 /* Int-TimeFormatting.swift */,
				46D556DD24A78FC30059354F /* TextTableViewCell.swift */,
				46D556BD24A789BC0059354F /* Main.storyboard */,
				46D556C024A789BF0059354F /* Assets.xcassets */,
				46D556C224A789BF0059354F /* LaunchScreen.storyboard */,
				46D556C524A789BF0059354F /* Info.plist */,
				46D556D924A78A7D0059354F /* Friend.swift */,
			);
			path = FriendZone;
			sourceTree = "<group>";
		};
		46D556CD24A789BF0059354F /* FriendZoneTests */ = {
			isa = PBXGroup;
			children = (
				46D556CE24A789BF0059354F /* FriendZoneTests.swift */,
				46D556D024A789BF0059354F /* Info.plist */,
			);
			path = FriendZoneTests;
			sourceTree = "<group>";
		};
/* End PBXGroup section */

/* Begin PBXNativeTarget section */
		46D556B324A789BC0059354F /* FriendZone */ = {
			isa = PBXNativeTarget;
			buildConfigurationList = 46D556D324A789BF0059354F /* Build configuration list for PBXNativeTarget "FriendZone" */;
			buildPhases = (
				46D556B024A789BC0059354F /* Sources */,
				46D556B124A789BC0059354F /* Frameworks */,
				46D556B224A789BC0059354F /* Resources */,
			);
			buildRules = (
			);
			dependencies = (
			);
			name = FriendZone;
			productName = FriendZone;
			productReference = 46D556B424A789BC0059354F /* FriendZone.app */;
			productType = "com.apple.product-type.application";
		};
		46D556C924A789BF0059354F /* FriendZoneTests */ = {
			isa = PBXNativeTarget;
			buildConfigurationList = 46D556D624A789BF0059354F /* Build configuration list for PBXNativeTarget "FriendZoneTests" */;
			buildPhases = (
				46D556C624A789BF0059354F /* Sources */,
				46D556C724A789BF0059354F /* Frameworks */,
				46D556C824A789BF0059354F /* Resources */,
			);
			buildRules = (
			);
			dependencies = (
				46D556CC24A789BF0059354F /* PBXTargetDependency */,
			);
			name = FriendZoneTests;
			productName = FriendZoneTests;
			productReference = 46D556CA24A789BF0059354F /* FriendZoneTests.xctest */;
			productType = "com.apple.product-type.bundle.unit-test";
		};
/* End PBXNativeTarget section */

/* Begin PBXProject section */
		46D556AC24A789BC0059354F /* Project object */ = {
			isa = PBXProject;
			attributes = {
				LastSwiftUpdateCheck = 1150;
				LastUpgradeCheck = 1150;
				ORGANIZATIONNAME = "Oliver Lippold";
				TargetAttributes = {
					46D556B324A789BC0059354F = {
						CreatedOnToolsVersion = 11.5;
					};
					46D556C924A789BF0059354F = {
						CreatedOnToolsVersion = 11.5;
						TestTargetID = 46D556B324A789BC0059354F;
					};
				};
			};
			buildConfigurationList = 46D556AF24A789BC0059354F /* Build configuration list for PBXProject "FriendZone" */;
			compatibilityVersion = "Xcode 9.3";
			developmentRegion = en;
			hasScannedForEncodings = 0;
			knownRegions = (
				en,
				Base,
			);
			mainGroup = 46D556AB24A789BC0059354F;
			productRefGroup = 46D556B524A789BC0059354F /* Products */;
			projectDirPath = "";
			projectRoot = "";
			targets = (
				46D556B324A789BC0059354F /* FriendZone */,
				46D556C924A789BF0059354F /* FriendZoneTests */,
			);
		};
/* End PBXProject section */

/* Begin PBXResourcesBuildPhase section */
		46D556B224A789BC0059354F /* Resources */ = {
			isa = PBXResourcesBuildPhase;
			buildActionMask = 2147483647;
			files = (
				46D556C424A789BF0059354F /* LaunchScreen.storyboard in Resources */,
				46D556C124A789BF0059354F /* Assets.xcassets in Resources */,
				46D556BF24A789BC0059354F /* Main.storyboard in Resources */,
			);
			runOnlyForDeploymentPostprocessing = 0;
		};
		46D556C824A789BF0059354F /* Resources */ = {
			isa = PBXResourcesBuildPhase;
			buildActionMask = 2147483647;
			files = (
			);
			runOnlyForDeploymentPostprocessing = 0;
		};
/* End PBXResourcesBuildPhase section */

/* Begin PBXSourcesBuildPhase section */
		46D556B024A789BC0059354F /* Sources */ = {
			isa = PBXSourcesBuildPhase;
			buildActionMask = 2147483647;
			files = (
				46D5FB2624B0BF0C003A41D6 /* Coordinator.swift in Sources */,
				46D556DE24A78FC30059354F /* TextTableViewCell.swift in Sources */,
				46D556BC24A789BC0059354F /* ViewController.swift in Sources */,
				46D556B824A789BC0059354F /* AppDelegate.swift in Sources */,
				46D556DA24A78A7D0059354F /* Friend.swift in Sources */,
				46D5FB2C24B0C66E003A41D6 /* SceneDelegate.swift in Sources */,
				46D556DC24A78E450059354F /* FriendViewController.swift in Sources */,
				46D5FB2A24B0BFDD003A41D6 /* Storyboarded.swift in Sources */,
				46D5FB2824B0BF5A003A41D6 /* MainCoordinator.swift in Sources */,
				46B959C724A8B2F20038C1E5 /* Int-TimeFormatting.swift in Sources */,
			);
			runOnlyForDeploymentPostprocessing = 0;
		};
		46D556C624A789BF0059354F /* Sources */ = {
			isa = PBXSourcesBuildPhase;
			buildActionMask = 2147483647;
			files = (
				46D556CF24A789BF0059354F /* FriendZoneTests.swift in Sources */,
			);
			runOnlyForDeploymentPostprocessing = 0;
		};
/* End PBXSourcesBuildPhase section */

/* Begin PBXTargetDependency section */
		46D556CC24A789BF0059354F /* PBXTargetDependency */ = {
			isa = PBXTargetDependency;
			target = 46D556B324A789BC0059354F /* FriendZone */;
			targetProxy = 46D556CB24A789BF0059354F /* PBXContainerItemProxy */;
		};
/* End PBXTargetDependency section */

/* Begin PBXVariantGroup section */
		46D556BD24A789BC0059354F /* Main.storyboard */ = {
			isa = PBXVariantGroup;
			children = (
				46D556BE24A789BC0059354F /* Base */,
			);
			name = Main.storyboard;
			sourceTree = "<group>";
		};
		46D556C224A789BF0059354F /* LaunchScreen.storyboard */ = {
			isa = PBXVariantGroup;
			children = (
				46D556C324A789BF0059354F /* Base */,
			);
			name = LaunchScreen.storyboard;
			sourceTree = "<group>";
		};
/* End PBXVariantGroup section */

/* Begin XCBuildConfiguration section */
		46D556D124A789BF0059354F /* Debug */ = {
			isa = XCBuildConfiguration;
			buildSettings = {
				ALWAYS_SEARCH_USER_PATHS = NO;
				CLANG_ANALYZER_NONNULL = YES;
				CLANG_ANALYZER_NUMBER_OBJECT_CONVERSION = YES_AGGRESSIVE;
				CLANG_CXX_LANGUAGE_STANDARD = "gnu++14";
				CLANG_CXX_LIBRARY = "libc++";
				CLANG_ENABLE_MODULES = YES;
				CLANG_ENABLE_OBJC_ARC = YES;
				CLANG_ENABLE_OBJC_WEAK = YES;
				CLANG_WARN_BLOCK_CAPTURE_AUTORELEASING = YES;
				CLANG_WARN_BOOL_CONVERSION = YES;
				CLANG_WARN_COMMA = YES;
				CLANG_WARN_CONSTANT_CONVERSION = YES;
				CLANG_WARN_DEPRECATED_OBJC_IMPLEMENTATIONS = YES;
				CLANG_WARN_DIRECT_OBJC_ISA_USAGE = YES_ERROR;
				CLANG_WARN_DOCUMENTATION_COMMENTS = YES;
				CLANG_WARN_EMPTY_BODY = YES;
				CLANG_WARN_ENUM_CONVERSION = YES;
				CLANG_WARN_INFINITE_RECURSION = YES;
				CLANG_WARN_INT_CONVERSION = YES;
				CLANG_WARN_NON_LITERAL_NULL_CONVERSION = YES;
				CLANG_WARN_OBJC_IMPLICIT_RETAIN_SELF = YES;
				CLANG_WARN_OBJC_LITERAL_CONVERSION = YES;
				CLANG_WARN_OBJC_ROOT_CLASS = YES_ERROR;
				CLANG_WARN_RANGE_LOOP_ANALYSIS = YES;
				CLANG_WARN_STRICT_PROTOTYPES = YES;
				CLANG_WARN_SUSPICIOUS_MOVE = YES;
				CLANG_WARN_UNGUARDED_AVAILABILITY = YES_AGGRESSIVE;
				CLANG_WARN_UNREACHABLE_CODE = YES;
				CLANG_WARN__DUPLICATE_METHOD_MATCH = YES;
				COPY_PHASE_STRIP = NO;
				DEBUG_INFORMATION_FORMAT = dwarf;
				ENABLE_STRICT_OBJC_MSGSEND = YES;
				ENABLE_TESTABILITY = YES;
				GCC_C_LANGUAGE_STANDARD = gnu11;
				GCC_DYNAMIC_NO_PIC = NO;
				GCC_NO_COMMON_BLOCKS = YES;
				GCC_OPTIMIZATION_LEVEL = 0;
				GCC_PREPROCESSOR_DEFINITIONS = (
					"DEBUG=1",
					"$(inherited)",
				);
				GCC_WARN_64_TO_32_BIT_CONVERSION = YES;
				GCC_WARN_ABOUT_RETURN_TYPE = YES_ERROR;
				GCC_WARN_UNDECLARED_SELECTOR = YES;
				GCC_WARN_UNINITIALIZED_AUTOS = YES_AGGRESSIVE;
				GCC_WARN_UNUSED_FUNCTION = YES;
				GCC_WARN_UNUSED_VARIABLE = YES;
				IPHONEOS_DEPLOYMENT_TARGET = 13.5;
				MTL_ENABLE_DEBUG_INFO = INCLUDE_SOURCE;
				MTL_FAST_MATH = YES;
				ONLY_ACTIVE_ARCH = YES;
				SDKROOT = iphoneos;
				SWIFT_ACTIVE_COMPILATION_CONDITIONS = DEBUG;
				SWIFT_OPTIMIZATION_LEVEL = "-Onone";
			};
			name = Debug;
		};
		46D556D224A789BF0059354F /* Release */ = {
			isa = XCBuildConfiguration;
			buildSettings = {
				ALWAYS_SEARCH_USER_PATHS = NO;
				CLANG_ANALYZER_NONNULL = YES;
				CLANG_ANALYZER_NUMBER_OBJECT_CONVERSION = YES_AGGRESSIVE;
				CLANG_CXX_LANGUAGE_STANDARD = "gnu++14";
				CLANG_CXX_LIBRARY = "libc++";
				CLANG_ENABLE_MODULES = YES;
				CLANG_ENABLE_OBJC_ARC = YES;
				CLANG_ENABLE_OBJC_WEAK = YES;
				CLANG_WARN_BLOCK_CAPTURE_AUTORELEASING = YES;
				CLANG_WARN_BOOL_CONVERSION = YES;
				CLANG_WARN_COMMA = YES;
				CLANG_WARN_CONSTANT_CONVERSION = YES;
				CLANG_WARN_DEPRECATED_OBJC_IMPLEMENTATIONS = YES;
				CLANG_WARN_DIRECT_OBJC_ISA_USAGE = YES_ERROR;
				CLANG_WARN_DOCUMENTATION_COMMENTS = YES;
				CLANG_WARN_EMPTY_BODY = YES;
				CLANG_WARN_ENUM_CONVERSION = YES;
				CLANG_WARN_INFINITE_RECURSION = YES;
				CLANG_WARN_INT_CONVERSION = YES;
				CLANG_WARN_NON_LITERAL_NULL_CONVERSION = YES;
				CLANG_WARN_OBJC_IMPLICIT_RETAIN_SELF = YES;
				CLANG_WARN_OBJC_LITERAL_CONVERSION = YES;
				CLANG_WARN_OBJC_ROOT_CLASS = YES_ERROR;
				CLANG_WARN_RANGE_LOOP_ANALYSIS = YES;
				CLANG_WARN_STRICT_PROTOTYPES = YES;
				CLANG_WARN_SUSPICIOUS_MOVE = YES;
				CLANG_WARN_UNGUARDED_AVAILABILITY = YES_AGGRESSIVE;
				CLANG_WARN_UNREACHABLE_CODE = YES;
				CLANG_WARN__DUPLICATE_METHOD_MATCH = YES;
				COPY_PHASE_STRIP = NO;
				DEBUG_INFORMATION_FORMAT = "dwarf-with-dsym";
				ENABLE_NS_ASSERTIONS = NO;
				ENABLE_STRICT_OBJC_MSGSEND = YES;
				GCC_C_LANGUAGE_STANDARD = gnu11;
				GCC_NO_COMMON_BLOCKS = YES;
				GCC_WARN_64_TO_32_BIT_CONVERSION = YES;
				GCC_WARN_ABOUT_RETURN_TYPE = YES_ERROR;
				GCC_WARN_UNDECLARED_SELECTOR = YES;
				GCC_WARN_UNINITIALIZED_AUTOS = YES_AGGRESSIVE;
				GCC_WARN_UNUSED_FUNCTION = YES;
				GCC_WARN_UNUSED_VARIABLE = YES;
				IPHONEOS_DEPLOYMENT_TARGET = 13.5;
				MTL_ENABLE_DEBUG_INFO = NO;
				MTL_FAST_MATH = YES;
				SDKROOT = iphoneos;
				SWIFT_COMPILATION_MODE = wholemodule;
				SWIFT_OPTIMIZATION_LEVEL = "-O";
				VALIDATE_PRODUCT = YES;
			};
			name = Release;
		};
		46D556D424A789BF0059354F /* Debug */ = {
			isa = XCBuildConfiguration;
			buildSettings = {
				ASSETCATALOG_COMPILER_APPICON_NAME = AppIcon;
				CODE_SIGN_STYLE = Automatic;
				DEVELOPMENT_TEAM = 73MP3ATTJU;
				INFOPLIST_FILE = FriendZone/Info.plist;
				LD_RUNPATH_SEARCH_PATHS = (
					"$(inherited)",
					"@executable_path/Frameworks",
				);
				PRODUCT_BUNDLE_IDENTIFIER = com.lodgeblaid.FriendZone;
				PRODUCT_NAME = "$(TARGET_NAME)";
				SWIFT_VERSION = 5.0;
				TARGETED_DEVICE_FAMILY = "1,2";
			};
			name = Debug;
		};
		46D556D524A789BF0059354F /* Release */ = {
			isa = XCBuildConfiguration;
			buildSettings = {
				ASSETCATALOG_COMPILER_APPICON_NAME = AppIcon;
				CODE_SIGN_STYLE = Automatic;
				DEVELOPMENT_TEAM = 73MP3ATTJU;
				INFOPLIST_FILE = FriendZone/Info.plist;
				LD_RUNPATH_SEARCH_PATHS = (
					"$(inherited)",
					"@executable_path/Frameworks",
				);
				PRODUCT_BUNDLE_IDENTIFIER = com.lodgeblaid.FriendZone;
				PRODUCT_NAME = "$(TARGET_NAME)";
				SWIFT_VERSION = 5.0;
				TARGETED_DEVICE_FAMILY = "1,2";
			};
			name = Release;
		};
		46D556D724A789BF0059354F /* Debug */ = {
			isa = XCBuildConfiguration;
			buildSettings = {
				ALWAYS_EMBED_SWIFT_STANDARD_LIBRARIES = YES;
				BUNDLE_LOADER = "$(TEST_HOST)";
				CODE_SIGN_STYLE = Automatic;
				DEVELOPMENT_TEAM = 73MP3ATTJU;
				INFOPLIST_FILE = FriendZoneTests/Info.plist;
				IPHONEOS_DEPLOYMENT_TARGET = 13.5;
				LD_RUNPATH_SEARCH_PATHS = (
					"$(inherited)",
					"@executable_path/Frameworks",
					"@loader_path/Frameworks",
				);
				PRODUCT_BUNDLE_IDENTIFIER = com.lodgeblaid.FriendZoneTests;
				PRODUCT_NAME = "$(TARGET_NAME)";
				SWIFT_VERSION = 5.0;
				TARGETED_DEVICE_FAMILY = "1,2";
				TEST_HOST = "$(BUILT_PRODUCTS_DIR)/FriendZone.app/FriendZone";
			};
			name = Debug;
		};
		46D556D824A789BF0059354F /* Release */ = {
			isa = XCBuildConfiguration;
			buildSettings = {
				ALWAYS_EMBED_SWIFT_STANDARD_LIBRARIES = YES;
				BUNDLE_LOADER = "$(TEST_HOST)";
				CODE_SIGN_STYLE = Automatic;
				DEVELOPMENT_TEAM = 73MP3ATTJU;
				INFOPLIST_FILE = FriendZoneTests/Info.plist;
				IPHONEOS_DEPLOYMENT_TARGET = 13.5;
				LD_RUNPATH_SEARCH_PATHS = (
					"$(inherited)",
					"@executable_path/Frameworks",
					"@loader_path/Frameworks",
				);
				PRODUCT_BUNDLE_IDENTIFIER = com.lodgeblaid.FriendZoneTests;
				PRODUCT_NAME = "$(TARGET_NAME)";
				SWIFT_VERSION = 5.0;
				TARGETED_DEVICE_FAMILY = "1,2";
				TEST_HOST = "$(BUILT_PRODUCTS_DIR)/FriendZone.app/FriendZone";
			};
			name = Release;
		};
/* End XCBuildConfiguration section */

/* Begin XCConfigurationList section */
		46D556AF24A789BC0059354F /* Build configuration list for PBXProject "FriendZone" */ = {
			isa = XCConfigurationList;
			buildConfigurations = (
				46D556D124A789BF0059354F /* Debug */,
				46D556D224A789BF0059354F /* Release */,
			);
			defaultConfigurationIsVisible = 0;
			defaultConfigurationName = Release;
		};
		46D556D324A789BF0059354F /* Build configuration list for PBXNativeTarget "FriendZone" */ = {
			isa = XCConfigurationList;
			buildConfigurations = (
				46D556D424A789BF0059354F /* Debug */,
				46D556D524A789BF0059354F /* Release */,
			);
			defaultConfigurationIsVisible = 0;
			defaultConfigurationName = Release;
		};
		46D556D624A789BF0059354F /* Build configuration list for PBXNativeTarget "FriendZoneTests" */ = {
			isa = XCConfigurationList;
			buildConfigurations = (
				46D556D724A789BF0059354F /* Debug */,
				46D556D824A789BF0059354F /* Release */,
			);
			defaultConfigurationIsVisible = 0;
			defaultConfigurationName = Release;
		};
/* End XCConfigurationList section */
	};
	rootObject = 46D556AC24A789BC0059354F /* Project object */;
}
